PODS:
  - FlutterMacOS (1.0.0)

DEPENDENCIES:
  - FlutterMacOS (from `Flutter/ephemeral`)

EXTERNAL SOURCES:
  FlutterMacOS:
    :path: Flutter/ephemeral

SPEC CHECKSUMS:
  FlutterMacOS: 8f6f14fa908a6fb3fba0cd85dbd81ec4b251fb24

PODFILE CHECKSUM: 0d3963a09fc94f580682bd88480486da345dc3f0

COCOAPODS: 1.13.0
